{
  "name": "boomin-sdk",
  "lockfileVersion": 3,
  "requires": true,
  "packages": {
    "": {
      "name": "boomin-sdk",
      "workspaces": [
        "packages/boominjs",
        "packages/cli",
        "packages/components",
        "packages/connect",
        "packages/sdk",
        "packages/server"
      ]
    },
    "node_modules/@boomin/cli": {
      "resolved": "packages/cli",
      "link": true
    },
    "node_modules/@boomin/components": {
      "resolved": "packages/components",
      "link": true
    },
    "node_modules/@boomin/connect": {
      "resolved": "packages/connect",
      "link": true
    },
    "node_modules/@boomin/sdk": {
      "resolved": "packages/sdk",
      "link": true
    },
    "node_modules/@boomin/server": {
      "resolved": "packages/server",
      "link": true
    },
    "node_modules/@electric-sql/pglite": {
      "version": "0.3.16",
      "resolved": "https://registry.npmjs.org/@electric-sql/pglite/-/pglite-0.3.16.tgz",
      "integrity": "sha512-mZkZfOd9OqTMHsK+1cje8OSzfAQcpD7JmILXTl5ahdempjUDdmg4euf1biDex5/LfQIDJ3gvCu6qDgdnDxfJmA==",
      "dev": true,
      "license": "Apache-2.0"
    },
    "node_modules/boominjs": {
      "resolved": "packages/boominjs",
      "link": true
    },
    "node_modules/typescript": {
      "version": "5.9.3",
      "resolved": "https://registry.npmjs.org/typescript/-/typescript-5.9.3.tgz",
      "integrity": "sha512-jl1vZzPDinLr9eUt3J/t7V6FgNEw9QjvBPdysz9KfQDD41fQrC2Y4vKQdiaUpFT4bXlb1RHhLpp8wtm6M5TgSw==",
      "dev": true,
      "license": "Apache-2.0",
      "bin": {
        "tsc": "bin/tsc",
        "tsserver": "bin/tsserver"
      },
      "engines": {
        "node": ">=14.17"
      }
    },
    "packages/boominjs": {
      "version": "1.0.0",
      "license": "MIT",
      "dependencies": {
        "@boomin/components": "^0.1.0"
      }
    },
    "packages/cli": {
      "name": "@boomin/cli",
      "version": "0.9.0",
      "license": "MIT",
      "dependencies": {
        "@boomin/sdk": "^1.0.0-beta.8"
      },
      "bin": {
        "boomin": "src/cli.js"
      }
    },
    "packages/components": {
      "name": "@boomin/components",
      "version": "0.1.0",
      "license": "MIT"
    },
    "packages/connect": {
      "name": "@boomin/connect",
      "version": "0.3.0",
      "license": "MIT"
    },
    "packages/sdk": {
      "name": "@boomin/sdk",
      "version": "1.0.0-beta.8",
      "license": "MIT",
      "dependencies": {
        "@boomin/server": "^0.3.0"
      },
      "devDependencies": {
        "@electric-sql/pglite": "^0.3.14",
        "typescript": "^5.5.0"
      },
      "engines": {
        "node": ">=18"
      }
    },
    "packages/server": {
      "name": "@boomin/server",
      "version": "0.3.0",
      "license": "MIT"
    }
  }
}
