{
  "name": "@boomin/cli",
  "version": "0.9.0",
  "lockfileVersion": 3,
  "requires": true,
  "packages": {
    "": {
      "name": "@boomin/cli",
      "version": "0.9.0",
      "license": "MIT",
      "dependencies": {
        "@boomin/sdk": "^1.0.0-beta.8"
      },
      "bin": {
        "boomin": "src/cli.js"
      }
    },
    "node_modules/@boomin/sdk": {
      "version": "1.0.0-beta.8",
      "resolved": "https://registry.npmjs.org/@boomin/sdk/-/sdk-1.0.0-beta.8.tgz",
      "integrity": "sha512-rs4vdI1VkTNaCX8qe7H4CgXsILZ4IEm76091S7gmQH1lHbzc+qbVpC0K+cggOP8w46D4C5tny8UquYRuYeYoMw==",
      "license": "MIT",
      "dependencies": {
        "@boomin/server": "^0.3.0"
      },
      "engines": {
        "node": ">=18"
      }
    },
    "node_modules/@boomin/server": {
      "version": "0.3.0",
      "resolved": "https://registry.npmjs.org/@boomin/server/-/server-0.3.0.tgz",
      "integrity": "sha512-QYFE3hXQDEjqYt63hFzcbZWZ/2SF7u0uRS8m2kFm/+Iv6XTpqKne1lgAMQhIBtYLp0dBlyWFqv7M5AXbjEh3cA==",
      "license": "MIT"
    }
  }
}
